{
  "name": "retra",
  "version": "1.2.0",
  "lockfileVersion": 1,
  "requires": true,
  "dependencies": {
    "centra": {
      "version": "2.4.0",
      "resolved": "https://registry.npmjs.org/centra/-/centra-2.4.0.tgz",
      "integrity": "sha512-AWmF3EHNe/noJHviynZOrdnUuQzT5AMgl9nJPXGvnzGXrI2ZvNDrEcdqskc4EtQwt2Q1IggXb0OXy7zZ1Xvvew==",
      "dev": true
    },
    "whew": {
      "version": "1.1.3",
      "resolved": "https://registry.npmjs.org/whew/-/whew-1.1.3.tgz",
      "integrity": "sha512-o0IBwKhIIzctCRTUn+ELBcXmWZEzhppnus5NEMzd2m17OPEECox2ySQHrS9Xg7OPOQ7cvYZEM2C5TtKmw23G2g==",
      "dev": true
    }
  }
}
